{
  "name": "helloExtensions",
  "lockfileVersion": 2,
  "requires": true,
  "packages": {
    "": {
      "dependencies": {
        "chrome-types": "^0.1.215"
      }
    },
    "node_modules/chrome-types": {
      "version": "0.1.215",
      "resolved": "https://registry.npmjs.org/chrome-types/-/chrome-types-0.1.215.tgz",
      "integrity": "sha512-OSUvk5MKU4vC3R+btAbQJijmQ0MeWq74F9y7JWtc4C0fl9bSNAM6iaS2tw1qwf18+o7ZutNsDz86Gpxeprb7uQ=="
    }
  },
  "dependencies": {
    "chrome-types": {
      "version": "0.1.215",
      "resolved": "https://registry.npmjs.org/chrome-types/-/chrome-types-0.1.215.tgz",
      "integrity": "sha512-OSUvk5MKU4vC3R+btAbQJijmQ0MeWq74F9y7JWtc4C0fl9bSNAM6iaS2tw1qwf18+o7ZutNsDz86Gpxeprb7uQ=="
    }
  }
}
